// !$*UTF8*$!
{
	archiveVersion = 1;
	classes = {
	};
	objectVersion = 46;
	objects = {

/* Begin PBXBuildFile section */
		5398C7B7708A3AFD19BE36DF /* Pods.framework in Frameworks */ = {isa = PBXBuildFile; fileRef = 6D8D69627C21747ACF9C9957 /* Pods.framework */; };
		DC398D571C98F57500E0659A /* SettingsViewController.swift in Sources */ = {isa = PBXBuildFile; fileRef = DC398D561C98F57500E0659A /* SettingsViewController.swift */; };
		DC4137711C630854009FE9B8 /* CartTableViewCell.swift in Sources */ = {isa = PBXBuildFile; fileRef = DC4137701C630854009FE9B8 /* CartTableViewCell.swift */; };
		DC53227E1C604BD4007049DC /* AppDelegate.swift in Sources */ = {isa = PBXBuildFile; fileRef = DC53227D1C604BD4007049DC /* AppDelegate.swift */; };
		DC5322831C604BD4007049DC /* Main.storyboard in Resources */ = {isa = PBXBuildFile; fileRef = DC5322811C604BD4007049DC /* Main.storyboard */; };
		DC5322851C604BD4007049DC /* Assets.xcassets in Resources */ = {isa = PBXBuildFile; fileRef = DC5322841C604BD4007049DC /* Assets.xcassets */; };
		DC5322881C604BD4007049DC /* LaunchScreen.storyboard in Resources */ = {isa = PBXBuildFile; fileRef = DC5322861C604BD4007049DC /* LaunchScreen.storyboard */; };
		DC5322901C605009007049DC /* order.swift in Sources */ = {isa = PBXBuildFile; fileRef = DC53228F1C605009007049DC /* order.swift */; };
		DC5322921C6066D9007049DC /* BackendCommands.swift in Sources */ = {isa = PBXBuildFile; fileRef = DC5322911C6066D9007049DC /* BackendCommands.swift */; };
		DC5322941C606D5A007049DC /* LoginViewController.swift in Sources */ = {isa = PBXBuildFile; fileRef = DC5322931C606D5A007049DC /* LoginViewController.swift */; };
		DC5322961C607F6D007049DC /* SignupViewController.swift in Sources */ = {isa = PBXBuildFile; fileRef = DC5322951C607F6D007049DC /* SignupViewController.swift */; };
		DC5322981C607F93007049DC /* MenuTableViewController.swift in Sources */ = {isa = PBXBuildFile; fileRef = DC5322971C607F93007049DC /* MenuTableViewController.swift */; };
		DC53229A1C608BA5007049DC /* JSSAlertView.swift in Sources */ = {isa = PBXBuildFile; fileRef = DC5322991C608BA5007049DC /* JSSAlertView.swift */; };
		DC53229C1C613EE2007049DC /* MenuTableViewCell.swift in Sources */ = {isa = PBXBuildFile; fileRef = DC53229B1C613EE2007049DC /* MenuTableViewCell.swift */; };
		DC53229E1C614388007049DC /* menu.swift in Sources */ = {isa = PBXBuildFile; fileRef = DC53229D1C614388007049DC /* menu.swift */; };
		DC5322A01C614846007049DC /* MenuDataSource.swift in Sources */ = {isa = PBXBuildFile; fileRef = DC53229F1C614846007049DC /* MenuDataSource.swift */; };
		DC5322A21C6153D8007049DC /* MenuITemViewController.swift in Sources */ = {isa = PBXBuildFile; fileRef = DC5322A11C6153D8007049DC /* MenuITemViewController.swift */; };
		DC5322AA1C616A63007049DC /* CartTableViewController.swift in Sources */ = {isa = PBXBuildFile; fileRef = DC5322A91C616A63007049DC /* CartTableViewController.swift */; };
		DC5D216D1CAE26ED008C6A63 /* BaseViewController.swift in Sources */ = {isa = PBXBuildFile; fileRef = DC5D216C1CAE26ED008C6A63 /* BaseViewController.swift */; };
		DCA3CC381C698DD8008D0E4E /* CheckoutViewController.swift in Sources */ = {isa = PBXBuildFile; fileRef = DCA3CC371C698DD7008D0E4E /* CheckoutViewController.swift */; };
		DCA3CC3C1C6BCBE9008D0E4E /* OptionsViewController.swift in Sources */ = {isa = PBXBuildFile; fileRef = DCA3CC3B1C6BCBE9008D0E4E /* OptionsViewController.swift */; };
/* End PBXBuildFile section */

/* Begin PBXFileReference section */
		0872264F4709E070234CEA80 /* Pods.release.xcconfig */ = {isa = PBXFileReference; includeInIndex = 1; lastKnownFileType = text.xcconfig; name = Pods.release.xcconfig; path = "Pods/Target Support Files/Pods/Pods.release.xcconfig"; sourceTree = "<group>"; };
		6D8D69627C21747ACF9C9957 /* Pods.framework */ = {isa = PBXFileReference; explicitFileType = wrapper.framework; includeInIndex = 0; path = Pods.framework; sourceTree = BUILT_PRODUCTS_DIR; };
		D40C744D44E9FD329488583A /* Pods.debug.xcconfig */ = {isa = PBXFileReference; includeInIndex = 1; lastKnownFileType = text.xcconfig; name = Pods.debug.xcconfig; path = "Pods/Target Support Files/Pods/Pods.debug.xcconfig"; sourceTree = "<group>"; };
		DC398D561C98F57500E0659A /* SettingsViewController.swift */ = {isa = PBXFileReference; fileEncoding = 4; lastKnownFileType = sourcecode.swift; path = SettingsViewController.swift; sourceTree = "<group>"; };
		DC4137701C630854009FE9B8 /* CartTableViewCell.swift */ = {isa = PBXFileReference; fileEncoding = 4; lastKnownFileType = sourcecode.swift; path = CartTableViewCell.swift; sourceTree = "<group>"; };
		DC53227A1C604BD4007049DC /* SPA.app */ = {isa = PBXFileReference; explicitFileType = wrapper.application; includeInIndex = 0; path = SPA.app; sourceTree = BUILT_PRODUCTS_DIR; };
		DC53227D1C604BD4007049DC /* AppDelegate.swift */ = {isa = PBXFileReference; lastKnownFileType = sourcecode.swift; path = AppDelegate.swift; sourceTree = "<group>"; };
		DC5322821C604BD4007049DC /* Base */ = {isa = PBXFileReference; lastKnownFileType = file.storyboard; name = Base; path = Base.lproj/Main.storyboard; sourceTree = "<group>"; };
		DC5322841C604BD4007049DC /* Assets.xcassets */ = {isa = PBXFileReference; lastKnownFileType = folder.assetcatalog; path = Assets.xcassets; sourceTree = "<group>"; };
		DC5322871C604BD4007049DC /* Base */ = {isa = PBXFileReference; lastKnownFileType = file.storyboard; name = Base; path = Base.lproj/LaunchScreen.storyboard; sourceTree = "<group>"; };
		DC5322891C604BD4007049DC /* Info.plist */ = {isa = PBXFileReference; lastKnownFileType = text.plist.xml; path = Info.plist; sourceTree = "<group>"; };
		DC53228F1C605009007049DC /* order.swift */ = {isa = PBXFileReference; fileEncoding = 4; lastKnownFileType = sourcecode.swift; path = order.swift; sourceTree = "<group>"; };
		DC5322911C6066D9007049DC /* BackendCommands.swift */ = {isa = PBXFileReference; fileEncoding = 4; lastKnownFileType = sourcecode.swift; path = BackendCommands.swift; sourceTree = "<group>"; };
		DC5322931C606D5A007049DC /* LoginViewController.swift */ = {isa = PBXFileReference; fileEncoding = 4; lastKnownFileType = sourcecode.swift; path = LoginViewController.swift; sourceTree = "<group>"; };
		DC5322951C607F6D007049DC /* SignupViewController.swift */ = {isa = PBXFileReference; fileEncoding = 4; lastKnownFileType = sourcecode.swift; path = SignupViewController.swift; sourceTree = "<group>"; };
		DC5322971C607F93007049DC /* MenuTableViewController.swift */ = {isa = PBXFileReference; fileEncoding = 4; lastKnownFileType = sourcecode.swift; path = MenuTableViewController.swift; sourceTree = "<group>"; };
		DC5322991C608BA5007049DC /* JSSAlertView.swift */ = {isa = PBXFileReference; fileEncoding = 4; lastKnownFileType = sourcecode.swift; path = JSSAlertView.swift; sourceTree = "<group>"; };
		DC53229B1C613EE2007049DC /* MenuTableViewCell.swift */ = {isa = PBXFileReference; fileEncoding = 4; lastKnownFileType = sourcecode.swift; path = MenuTableViewCell.swift; sourceTree = "<group>"; };
		DC53229D1C614388007049DC /* menu.swift */ = {isa = PBXFileReference; fileEncoding = 4; lastKnownFileType = sourcecode.swift; path = menu.swift; sourceTree = "<group>"; };
		DC53229F1C614846007049DC /* MenuDataSource.swift */ = {isa = PBXFileReference; fileEncoding = 4; lastKnownFileType = sourcecode.swift; path = MenuDataSource.swift; sourceTree = "<group>"; };
		DC5322A11C6153D8007049DC /* MenuITemViewController.swift */ = {isa = PBXFileReference; fileEncoding = 4; lastKnownFileType = sourcecode.swift; path = MenuITemViewController.swift; sourceTree = "<group>"; };
		DC5322A91C616A63007049DC /* CartTableViewController.swift */ = {isa = PBXFileReference; fileEncoding = 4; lastKnownFileType = sourcecode.swift; path = CartTableViewController.swift; sourceTree = "<group>"; };
		DC5D216C1CAE26ED008C6A63 /* BaseViewController.swift */ = {isa = PBXFileReference; fileEncoding = 4; lastKnownFileType = sourcecode.swift; path = BaseViewController.swift; sourceTree = "<group>"; };
		DCA3CC371C698DD7008D0E4E /* CheckoutViewController.swift */ = {isa = PBXFileReference; fileEncoding = 4; lastKnownFileType = sourcecode.swift; path = CheckoutViewController.swift; sourceTree = "<group>"; };
		DCA3CC3B1C6BCBE9008D0E4E /* OptionsViewController.swift */ = {isa = PBXFileReference; fileEncoding = 4; lastKnownFileType = sourcecode.swift; path = OptionsViewController.swift; sourceTree = "<group>"; };
/* End PBXFileReference section */

/* Begin PBXFrameworksBuildPhase section */
		DC5322771C604BD4007049DC /* Frameworks */ = {
			isa = PBXFrameworksBuildPhase;
			buildActionMask = 2147483647;
			files = (
				5398C7B7708A3AFD19BE36DF /* Pods.framework in Frameworks */,
			);
			runOnlyForDeploymentPostprocessing = 0;
		};
/* End PBXFrameworksBuildPhase section */

/* Begin PBXGroup section */
		7DD22A40437CF88FA5523DD7 /* Pods */ = {
			isa = PBXGroup;
			children = (
				D40C744D44E9FD329488583A /* Pods.debug.xcconfig */,
				0872264F4709E070234CEA80 /* Pods.release.xcconfig */,
			);
			name = Pods;
			sourceTree = "<group>";
		};
		DC5322711C604BD4007049DC = {
			isa = PBXGroup;
			children = (
				DC53227C1C604BD4007049DC /* SPA */,
				DC53227B1C604BD4007049DC /* Products */,
				7DD22A40437CF88FA5523DD7 /* Pods */,
				ECD02B5B50E05CBDBABAC469 /* Frameworks */,
			);
			sourceTree = "<group>";
		};
		DC53227B1C604BD4007049DC /* Products */ = {
			isa = PBXGroup;
			children = (
				DC53227A1C604BD4007049DC /* SPA.app */,
			);
			name = Products;
			sourceTree = "<group>";
		};
		DC53227C1C604BD4007049DC /* SPA */ = {
			isa = PBXGroup;
			children = (
				DC5322991C608BA5007049DC /* JSSAlertView.swift */,
				DC53227D1C604BD4007049DC /* AppDelegate.swift */,
				DC5322931C606D5A007049DC /* LoginViewController.swift */,
				DC5322951C607F6D007049DC /* SignupViewController.swift */,
				DC5322911C6066D9007049DC /* BackendCommands.swift */,
				DC53228F1C605009007049DC /* order.swift */,
				DC53229D1C614388007049DC /* menu.swift */,
				DC53229F1C614846007049DC /* MenuDataSource.swift */,
				DC5322811C604BD4007049DC /* Main.storyboard */,
				DC5D216C1CAE26ED008C6A63 /* BaseViewController.swift */,
				DC398D561C98F57500E0659A /* SettingsViewController.swift */,
				DCA3CC3B1C6BCBE9008D0E4E /* OptionsViewController.swift */,
				DC4137701C630854009FE9B8 /* CartTableViewCell.swift */,
				DC5322A91C616A63007049DC /* CartTableViewController.swift */,
				DCA3CC371C698DD7008D0E4E /* CheckoutViewController.swift */,
				DC5322A11C6153D8007049DC /* MenuITemViewController.swift */,
				DC5322971C607F93007049DC /* MenuTableViewController.swift */,
				DC53229B1C613EE2007049DC /* MenuTableViewCell.swift */,
				DC5322841C604BD4007049DC /* Assets.xcassets */,
				DC5322861C604BD4007049DC /* LaunchScreen.storyboard */,
				DC5322891C604BD4007049DC /* Info.plist */,
			);
			path = SPA;
			sourceTree = "<group>";
		};
		ECD02B5B50E05CBDBABAC469 /* Frameworks */ = {
			isa = PBXGroup;
			children = (
				6D8D69627C21747ACF9C9957 /* Pods.framework */,
			);
			name = Frameworks;
			sourceTree = "<group>";
		};
/* End PBXGroup section */

/* Begin PBXNativeTarget section */
		DC5322791C604BD4007049DC /* SPA */ = {
			isa = PBXNativeTarget;
			buildConfigurationList = DC53228C1C604BD4007049DC /* Build configuration list for PBXNativeTarget "SPA" */;
			buildPhases = (
				811B8E3F0ECEF36DFD979CF8 /* Check Pods Manifest.lock */,
				DC5322761C604BD4007049DC /* Sources */,
				DC5322771C604BD4007049DC /* Frameworks */,
				DC5322781C604BD4007049DC /* Resources */,
				8B1665B9B93E57C765DFFC39 /* Embed Pods Frameworks */,
				63AE5DB1528DCE745F5CDE1C /* Copy Pods Resources */,
			);
			buildRules = (
			);
			dependencies = (
			);
			name = SPA;
			productName = SPA;
			productReference = DC53227A1C604BD4007049DC /* SPA.app */;
			productType = "com.apple.product-type.application";
		};
/* End PBXNativeTarget section */

/* Begin PBXProject section */
		DC5322721C604BD4007049DC /* Project object */ = {
			isa = PBXProject;
			attributes = {
				LastSwiftUpdateCheck = 0720;
				LastUpgradeCheck = 0720;
				ORGANIZATIONNAME = OWA;
				TargetAttributes = {
					DC5322791C604BD4007049DC = {
						CreatedOnToolsVersion = 7.2;
						DevelopmentTeam = MPWZ249RWP;
					};
				};
			};
			buildConfigurationList = DC5322751C604BD4007049DC /* Build configuration list for PBXProject "SPA" */;
			compatibilityVersion = "Xcode 3.2";
			developmentRegion = English;
			hasScannedForEncodings = 0;
			knownRegions = (
				en,
				Base,
			);
			mainGroup = DC5322711C604BD4007049DC;
			productRefGroup = DC53227B1C604BD4007049DC /* Products */;
			projectDirPath = "";
			projectRoot = "";
			targets = (
				DC5322791C604BD4007049DC /* SPA */,
			);
		};
/* End PBXProject section */

/* Begin PBXResourcesBuildPhase section */
		DC5322781C604BD4007049DC /* Resources */ = {
			isa = PBXResourcesBuildPhase;
			buildActionMask = 2147483647;
			files = (
				DC5322881C604BD4007049DC /* LaunchScreen.storyboard in Resources */,
				DC5322851C604BD4007049DC /* Assets.xcassets in Resources */,
				DC5322831C604BD4007049DC /* Main.storyboard in Resources */,
			);
			runOnlyForDeploymentPostprocessing = 0;
		};
/* End PBXResourcesBuildPhase section */

/* Begin PBXShellScriptBuildPhase section */
		63AE5DB1528DCE745F5CDE1C /* Copy Pods Resources */ = {
			isa = PBXShellScriptBuildPhase;
			buildActionMask = 2147483647;
			files = (
			);
			inputPaths = (
			);
			name = "Copy Pods Resources";
			outputPaths = (
			);
			runOnlyForDeploymentPostprocessing = 0;
			shellPath = /bin/sh;
			shellScript = "\"${SRCROOT}/Pods/Target Support Files/Pods/Pods-resources.sh\"\n";
			showEnvVarsInLog = 0;
		};
		811B8E3F0ECEF36DFD979CF8 /* Check Pods Manifest.lock */ = {
			isa = PBXShellScriptBuildPhase;
			buildActionMask = 2147483647;
			files = (
			);
			inputPaths = (
			);
			name = "Check Pods Manifest.lock";
			outputPaths = (
			);
			runOnlyForDeploymentPostprocessing = 0;
			shellPath = /bin/sh;
			shellScript = "diff \"${PODS_ROOT}/../Podfile.lock\" \"${PODS_ROOT}/Manifest.lock\" > /dev/null\nif [[ $? != 0 ]] ; then\n    cat << EOM\nerror: The sandbox is not in sync with the Podfile.lock. Run 'pod install' or update your CocoaPods installation.\nEOM\n    exit 1\nfi\n";
			showEnvVarsInLog = 0;
		};
		8B1665B9B93E57C765DFFC39 /* Embed Pods Frameworks */ = {
			isa = PBXShellScriptBuildPhase;
			buildActionMask = 2147483647;
			files = (
			);
			inputPaths = (
			);
			name = "Embed Pods Frameworks";
			outputPaths = (
			);
			runOnlyForDeploymentPostprocessing = 0;
			shellPath = /bin/sh;
			shellScript = "\"${SRCROOT}/Pods/Target Support Files/Pods/Pods-frameworks.sh\"\n";
			showEnvVarsInLog = 0;
		};
/* End PBXShellScriptBuildPhase section */

/* Begin PBXSourcesBuildPhase section */
		DC5322761C604BD4007049DC /* Sources */ = {
			isa = PBXSourcesBuildPhase;
			buildActionMask = 2147483647;
			files = (
				DC5322901C605009007049DC /* order.swift in Sources */,
				DC5322A01C614846007049DC /* MenuDataSource.swift in Sources */,
				DC5322921C6066D9007049DC /* BackendCommands.swift in Sources */,
				DC53229C1C613EE2007049DC /* MenuTableViewCell.swift in Sources */,
				DC5322981C607F93007049DC /* MenuTableViewController.swift in Sources */,
				DC5322961C607F6D007049DC /* SignupViewController.swift in Sources */,
				DCA3CC381C698DD8008D0E4E /* CheckoutViewController.swift in Sources */,
				DC5D216D1CAE26ED008C6A63 /* BaseViewController.swift in Sources */,
				DC5322941C606D5A007049DC /* LoginViewController.swift in Sources */,
				DC53227E1C604BD4007049DC /* AppDelegate.swift in Sources */,
				DCA3CC3C1C6BCBE9008D0E4E /* OptionsViewController.swift in Sources */,
				DC5322AA1C616A63007049DC /* CartTableViewController.swift in Sources */,
				DC398D571C98F57500E0659A /* SettingsViewController.swift in Sources */,
				DC4137711C630854009FE9B8 /* CartTableViewCell.swift in Sources */,
				DC53229A1C608BA5007049DC /* JSSAlertView.swift in Sources */,
				DC5322A21C6153D8007049DC /* MenuITemViewController.swift in Sources */,
				DC53229E1C614388007049DC /* menu.swift in Sources */,
			);
			runOnlyForDeploymentPostprocessing = 0;
		};
/* End PBXSourcesBuildPhase section */

/* Begin PBXVariantGroup section */
		DC5322811C604BD4007049DC /* Main.storyboard */ = {
			isa = PBXVariantGroup;
			children = (
				DC5322821C604BD4007049DC /* Base */,
			);
			name = Main.storyboard;
			sourceTree = "<group>";
		};
		DC5322861C604BD4007049DC /* LaunchScreen.storyboard */ = {
			isa = PBXVariantGroup;
			children = (
				DC5322871C604BD4007049DC /* Base */,
			);
			name = LaunchScreen.storyboard;
			sourceTree = "<group>";
		};
/* End PBXVariantGroup section */

/* Begin XCBuildConfiguration section */
		DC53228A1C604BD4007049DC /* Debug */ = {
			isa = XCBuildConfiguration;
			buildSettings = {
				ALWAYS_SEARCH_USER_PATHS = NO;
				CLANG_CXX_LANGUAGE_STANDARD = "gnu++0x";
				CLANG_CXX_LIBRARY = "libc++";
				CLANG_ENABLE_MODULES = YES;
				CLANG_ENABLE_OBJC_ARC = YES;
				CLANG_WARN_BOOL_CONVERSION = YES;
				CLANG_WARN_CONSTANT_CONVERSION = YES;
				CLANG_WARN_DIRECT_OBJC_ISA_USAGE = YES_ERROR;
				CLANG_WARN_EMPTY_BODY = YES;
				CLANG_WARN_ENUM_CONVERSION = YES;
				CLANG_WARN_INT_CONVERSION = YES;
				CLANG_WARN_OBJC_ROOT_CLASS = YES_ERROR;
				CLANG_WARN_UNREACHABLE_CODE = YES;
				CLANG_WARN__DUPLICATE_METHOD_MATCH = YES;
				"CODE_SIGN_IDENTITY[sdk=iphoneos*]" = "iPhone Developer";
				COPY_PHASE_STRIP = NO;
				DEBUG_INFORMATION_FORMAT = dwarf;
				ENABLE_STRICT_OBJC_MSGSEND = YES;
				ENABLE_TESTABILITY = YES;
				GCC_C_LANGUAGE_STANDARD = gnu99;
				GCC_DYNAMIC_NO_PIC = NO;
				GCC_NO_COMMON_BLOCKS = YES;
				GCC_OPTIMIZATION_LEVEL = 0;
				GCC_PREPROCESSOR_DEFINITIONS = (
					"DEBUG=1",
					"$(inherited)",
				);
				GCC_WARN_64_TO_32_BIT_CONVERSION = YES;
				GCC_WARN_ABOUT_RETURN_TYPE = YES_ERROR;
				GCC_WARN_UNDECLARED_SELECTOR = YES;
				GCC_WARN_UNINITIALIZED_AUTOS = YES_AGGRESSIVE;
				GCC_WARN_UNUSED_FUNCTION = YES;
				GCC_WARN_UNUSED_VARIABLE = YES;
				IPHONEOS_DEPLOYMENT_TARGET = 9.2;
				MTL_ENABLE_DEBUG_INFO = YES;
				ONLY_ACTIVE_ARCH = YES;
				SDKROOT = iphoneos;
				SWIFT_OPTIMIZATION_LEVEL = "-Onone";
			};
			name = Debug;
		};
		DC53228B1C604BD4007049DC /* Release */ = {
			isa = XCBuildConfiguration;
			buildSettings = {
				ALWAYS_SEARCH_USER_PATHS = NO;
				CLANG_CXX_LANGUAGE_STANDARD = "gnu++0x";
				CLANG_CXX_LIBRARY = "libc++";
				CLANG_ENABLE_MODULES = YES;
				CLANG_ENABLE_OBJC_ARC = YES;
				CLANG_WARN_BOOL_CONVERSION = YES;
				CLANG_WARN_CONSTANT_CONVERSION = YES;
				CLANG_WARN_DIRECT_OBJC_ISA_USAGE = YES_ERROR;
				CLANG_WARN_EMPTY_BODY = YES;
				CLANG_WARN_ENUM_CONVERSION = YES;
				CLANG_WARN_INT_CONVERSION = YES;
				CLANG_WARN_OBJC_ROOT_CLASS = YES_ERROR;
				CLANG_WARN_UNREACHABLE_CODE = YES;
				CLANG_WARN__DUPLICATE_METHOD_MATCH = YES;
				"CODE_SIGN_IDENTITY[sdk=iphoneos*]" = "iPhone Developer";
				COPY_PHASE_STRIP = NO;
				DEBUG_INFORMATION_FORMAT = "dwarf-with-dsym";
				ENABLE_NS_ASSERTIONS = NO;
				ENABLE_STRICT_OBJC_MSGSEND = YES;
				GCC_C_LANGUAGE_STANDARD = gnu99;
				GCC_NO_COMMON_BLOCKS = YES;
				GCC_WARN_64_TO_32_BIT_CONVERSION = YES;
				GCC_WARN_ABOUT_RETURN_TYPE = YES_ERROR;
				GCC_WARN_UNDECLARED_SELECTOR = YES;
				GCC_WARN_UNINITIALIZED_AUTOS = YES_AGGRESSIVE;
				GCC_WARN_UNUSED_FUNCTION = YES;
				GCC_WARN_UNUSED_VARIABLE = YES;
				IPHONEOS_DEPLOYMENT_TARGET = 9.2;
				MTL_ENABLE_DEBUG_INFO = NO;
				SDKROOT = iphoneos;
				VALIDATE_PRODUCT = YES;
			};
			name = Release;
		};
		DC53228D1C604BD4007049DC /* Debug */ = {
			isa = XCBuildConfiguration;
			baseConfigurationReference = D40C744D44E9FD329488583A /* Pods.debug.xcconfig */;
			buildSettings = {
				ASSETCATALOG_COMPILER_APPICON_NAME = "AppIcon-1";
				INFOPLIST_FILE = SPA/Info.plist;
				LD_RUNPATH_SEARCH_PATHS = "$(inherited) @executable_path/Frameworks";
				PRODUCT_BUNDLE_IDENTIFIER = com.robertdurst.SPA;
				PRODUCT_NAME = "$(TARGET_NAME)";
			};
			name = Debug;
		};
		DC53228E1C604BD4007049DC /* Release */ = {
			isa = XCBuildConfiguration;
			baseConfigurationReference = 0872264F4709E070234CEA80 /* Pods.release.xcconfig */;
			buildSettings = {
				ASSETCATALOG_COMPILER_APPICON_NAME = "AppIcon-1";
				INFOPLIST_FILE = SPA/Info.plist;
				LD_RUNPATH_SEARCH_PATHS = "$(inherited) @executable_path/Frameworks";
				PRODUCT_BUNDLE_IDENTIFIER = com.robertdurst.SPA;
				PRODUCT_NAME = "$(TARGET_NAME)";
			};
			name = Release;
		};
/* End XCBuildConfiguration section */

/* Begin XCConfigurationList section */
		DC5322751C604BD4007049DC /* Build configuration list for PBXProject "SPA" */ = {
			isa = XCConfigurationList;
			buildConfigurations = (
				DC53228A1C604BD4007049DC /* Debug */,
				DC53228B1C604BD4007049DC /* Release */,
			);
			defaultConfigurationIsVisible = 0;
			defaultConfigurationName = Release;
		};
		DC53228C1C604BD4007049DC /* Build configuration list for PBXNativeTarget "SPA" */ = {
			isa = XCConfigurationList;
			buildConfigurations = (
				DC53228D1C604BD4007049DC /* Debug */,
				DC53228E1C604BD4007049DC /* Release */,
			);
			defaultConfigurationIsVisible = 0;
			defaultConfigurationName = Release;
		};
/* End XCConfigurationList section */
	};
	rootObject = DC5322721C604BD4007049DC /* Project object */;
}
